
Microsoft Visual Studio Solution File, Format Version 12.00
# Visual Studio Version 17
VisualStudioVersion = 17.4.33403.182
MinimumVisualStudioVersion = 10.0.40219.1
Project("{FAE04EC0-301F-11D3-BF4B-00C04F79EFBC}") = "CalculatorN", "CalculatorN\CalculatorN.csproj", "{DC0205F2-C395-42F3-84A7-A7B96911CF12}"
EndProject
Global
	GlobalSection(SolutionConfigurationPlatforms) = preSolution
		Debug|Any CPU = Debug|Any CPU
		Release|Any CPU = Release|Any CPU
	EndGlobalSection
	GlobalSection(ProjectConfigurationPlatforms) = postSolution
		{DC0205F2-C395-42F3-84A7-A7B96911CF12}.Debug|Any CPU.ActiveCfg = Debug|Any CPU
		{DC0205F2-C395-42F3-84A7-A7B96911CF12}.Debug|Any CPU.Build.0 = Debug|Any CPU
		{DC0205F2-C395-42F3-84A7-A7B96911CF12}.Release|Any CPU.ActiveCfg = Release|Any CPU
		{DC0205F2-C395-42F3-84A7-A7B96911CF12}.Release|Any CPU.Build.0 = Release|Any CPU
	EndGlobalSection
	GlobalSection(SolutionProperties) = preSolution
		HideSolutionNode = FALSE
	EndGlobalSection
	GlobalSection(ExtensibilityGlobals) = postSolution
		SolutionGuid = {439A8BF8-5590-490E-9D6D-99E5F4A45DC8}
	EndGlobalSection
EndGlobal
